# THIS IS AN AUTOGENERATED FILE. DO NOT EDIT THIS FILE DIRECTLY.
# yarn lockfile v1


lodash.get@^4.4.2:
  version "4.4.2"
  resolved "https://registry.yarnpkg.com/lodash.get/-/lodash.get-4.4.2.tgz#2d177f652fa31e939b4438d5341499dfa3825e99"
  integrity sha1-LRd/ZS+jHpObRDjVNBSZ36OCXpk=

observable-slim@^0.1.5:
  version "0.1.5"
  resolved "https://registry.yarnpkg.com/observable-slim/-/observable-slim-0.1.5.tgz#ddb30df2db1ee3e5bc409d29268a5766faab6b24"
  integrity sha512-xhDK4EjwM6ehZ6KhTtDc0z5kqBhqoBQPP9pq2n1c+RXA4IcyLIm68ipDwS3nZVXhrCssoKu4LcHDUT1tl0kP9A==
